
Microsoft Visual Studio Solution File, Format Version 12.00
# Visual Studio Version 17
VisualStudioVersion = 17.0.31903.59
MinimumVisualStudioVersion = 10.0.40219.1
Project("{9A19103F-16F7-4668-BE54-9A1E7A4F7556}") = "dgt.redis.api", "dgt.redis.api\dgt.redis.api.csproj", "{BF9C5864-E676-41EB-B882-8BDB5206EA9D}"
EndProject
Project("{9A19103F-16F7-4668-BE54-9A1E7A4F7556}") = "dgt.redis.front", "dgt.redis.front\dgt.redis.front.csproj", "{345FFE57-F93D-4654-BD02-09236E3533FE}"
EndProject
Project("{2150E333-8FDC-42A3-9474-1A3956D46DE8}") = "Deployments", "Deployments", "{7E10C39A-EBDD-4456-985F-B334B94F4F86}"
	ProjectSection(SolutionItems) = preProject
		docker-compose.yml = docker-compose.yml
	EndProjectSection
EndProject
Global
	GlobalSection(SolutionConfigurationPlatforms) = preSolution
		Debug|Any CPU = Debug|Any CPU
		Release|Any CPU = Release|Any CPU
	EndGlobalSection
	GlobalSection(ProjectConfigurationPlatforms) = postSolution
		{BF9C5864-E676-41EB-B882-8BDB5206EA9D}.Debug|Any CPU.ActiveCfg = Debug|Any CPU
		{BF9C5864-E676-41EB-B882-8BDB5206EA9D}.Debug|Any CPU.Build.0 = Debug|Any CPU
		{BF9C5864-E676-41EB-B882-8BDB5206EA9D}.Release|Any CPU.ActiveCfg = Release|Any CPU
		{BF9C5864-E676-41EB-B882-8BDB5206EA9D}.Release|Any CPU.Build.0 = Release|Any CPU
		{345FFE57-F93D-4654-BD02-09236E3533FE}.Debug|Any CPU.ActiveCfg = Debug|Any CPU
		{345FFE57-F93D-4654-BD02-09236E3533FE}.Debug|Any CPU.Build.0 = Debug|Any CPU
		{345FFE57-F93D-4654-BD02-09236E3533FE}.Release|Any CPU.ActiveCfg = Release|Any CPU
		{345FFE57-F93D-4654-BD02-09236E3533FE}.Release|Any CPU.Build.0 = Release|Any CPU
	EndGlobalSection
	GlobalSection(SolutionProperties) = preSolution
		HideSolutionNode = FALSE
	EndGlobalSection
	GlobalSection(ExtensibilityGlobals) = postSolution
		SolutionGuid = {B99A80F1-A452-4BAC-855E-41371BB1803C}
	EndGlobalSection
EndGlobal
